{
  "originHash" : "fd61d4ccdd746ec868212d45186b68aa7fa26c58fc6ce6af0b3230278e699ccf",
  "pins" : [
    {
      "identity" : "wand",
      "kind" : "remoteSourceControl",
      "location" : "https://github.com/el-machine/Wand.git",
      "state" : {
        "revision" : "4dea8ed142a9c1554f46a776c8543f3326de2626",
        "version" : "1.1.1-rc.5"
      }
    }
  ],
  "version" : 3
}
