{
  "originHash" : "fd61d4ccdd746ec868212d45186b68aa7fa26c58fc6ce6af0b3230278e699ccf",
  "pins" : [
    {
      "identity" : "Wand",
      "kind" : "remoteSourceControl",
      "location" : "https://github.com/El-Machine/Wand.git",
      "state" : {
        "revision" : "9b3478ee0e41d231f41974e2e02d5aba02c4d1c2",
        "version" : "1.3.5"
      }
    }
  ],
  "version" : 3
}
