{
  "pins" : [
    {
      "identity" : "wand",
      "kind" : "remoteSourceControl",
      "location" : "https://github.com/el-machine/wand.git",
      "state" : {
        "revision" : "875adec222e8fd2bd7fed4a508b13036c66b7ae8",
        "version" : "1.1.1-rc.5"
      }
    }
  ],
  "version" : 2
}
