{
  "originHash" : "9f7836936b5dc5b99aeeabe814c6da901962dc4c7c7899ab646d60dc1725b384",
  "pins" : [
    {
      "identity" : "wand",
      "kind" : "remoteSourceControl",
      "location" : "https://github.com/The-Wand/Wand.git",
      "state" : {
        "revision" : "409d91c31ae04765dcf314cf74a2058946827bfd",
        "version" : "1.5.5"
      }
    }
  ],
  "version" : 3
}
