{
  "originHash" : "9f7836936b5dc5b99aeeabe814c6da901962dc4c7c7899ab646d60dc1725b384",
  "pins" : [
    {
      "identity" : "wand",
      "kind" : "remoteSourceControl",
      "location" : "https://github.com/The-Wand/Wand.git",
      "state" : {
        "revision" : "3feabdd634d5a9ccb3e49530a9b300c64049762a",
        "version" : "1.5.2"
      }
    }
  ],
  "version" : 3
}
