{
  "originHash" : "9f7836936b5dc5b99aeeabe814c6da901962dc4c7c7899ab646d60dc1725b384",
  "pins" : [
    {
      "identity" : "wand",
      "kind" : "remoteSourceControl",
      "location" : "https://github.com/The-Wand/Wand.git",
      "state" : {
        "revision" : "886392f5ea0cb679c9c81c4b74947fa78e2d8ec0",
        "version" : "3.0.12"
      }
    }
  ],
  "version" : 3
}
