{
  "originHash" : "ce1806e91b5315eaba13d5aaafacebc73804992d2eea545a6800dedb0b629cfb",
  "pins" : [
    {
      "identity" : "wand",
      "kind" : "remoteSourceControl",
      "location" : "https://github.com/El-Machine/Wand.git",
      "state" : {
        "revision" : "873c51093c873912aca97cf160249f0035f6b7b5",
        "version" : "0.1.8"
      }
    }
  ],
  "version" : 3
}
