// !$*UTF8*$!
{
	archiveVersion = 1;
	classes = {
	};
	objectVersion = 60;
	objects = {

/* Begin PBXBuildFile section */
		613966272BE0F532004C18A3 /* Play.swift in Sources */ = {isa = PBXBuildFile; fileRef = 6162624528BC8E2A00D63EA5 /* Play.swift */; };
		613966662BE0FB0D004C18A3 /* Assets.xcassets in Resources */ = {isa = PBXBuildFile; fileRef = 6162624728BC8E2B00D63EA5 /* Assets.xcassets */; };
		613966672BE0FB14004C18A3 /* ContentView.swift in Sources */ = {isa = PBXBuildFile; fileRef = 6162624628BC8E2A00D63EA5 /* ContentView.swift */; };
		6162625428BC8E2B00D63EA5 /* Play.swift in Sources */ = {isa = PBXBuildFile; fileRef = 6162624528BC8E2A00D63EA5 /* Play.swift */; };
		6162625628BC8E2B00D63EA5 /* ContentView.swift in Sources */ = {isa = PBXBuildFile; fileRef = 6162624628BC8E2A00D63EA5 /* ContentView.swift */; };
		6162625828BC8E2B00D63EA5 /* Assets.xcassets in Resources */ = {isa = PBXBuildFile; fileRef = 6162624728BC8E2B00D63EA5 /* Assets.xcassets */; };
		618F8EFD2BE9FF7B00618E7C /* Range_any.swift in Sources */ = {isa = PBXBuildFile; fileRef = 618F8EAB2BE9FDCE00618E7C /* Range_any.swift */; };
		618F8F002BE9FF7B00618E7C /* any.swift in Sources */ = {isa = PBXBuildFile; fileRef = 618F8EA92BE9FDCE00618E7C /* any.swift */; };
		618F8F012BE9FF7B00618E7C /* String_any.swift in Sources */ = {isa = PBXBuildFile; fileRef = 618F8EAC2BE9FDCE00618E7C /* String_any.swift */; };
		618F8F022BE9FF7B00618E7C /* Point.swift in Sources */ = {isa = PBXBuildFile; fileRef = 618F8EAE2BE9FDCE00618E7C /* Point.swift */; };
		618F8F0B2BE9FF7B00618E7C /* TestTools.swift in Sources */ = {isa = PBXBuildFile; fileRef = 618F8EAF2BE9FDCE00618E7C /* TestTools.swift */; };
		618F8F0D2BE9FF7B00618E7C /* CoreMotion_Tests.swift in Sources */ = {isa = PBXBuildFile; fileRef = 618F8ECA2BE9FDCE00618E7C /* CoreMotion_Tests.swift */; };
		618F8F0E2BE9FF7B00618E7C /* CoreLocation_any.swift in Sources */ = {isa = PBXBuildFile; fileRef = 618F8EAA2BE9FDCE00618E7C /* CoreLocation_any.swift */; };
		618F8F252BEA047D00618E7C /* CoreMotion_Tests.swift in Sources */ = {isa = PBXBuildFile; fileRef = 618F8ECA2BE9FDCE00618E7C /* CoreMotion_Tests.swift */; };
		618F8F2A2BEA04FA00618E7C /* any.swift in Sources */ = {isa = PBXBuildFile; fileRef = 618F8EA92BE9FDCE00618E7C /* any.swift */; };
		618F8F2B2BEA04FA00618E7C /* Range_any.swift in Sources */ = {isa = PBXBuildFile; fileRef = 618F8EAB2BE9FDCE00618E7C /* Range_any.swift */; };
		618F8F2C2BEA04FA00618E7C /* CoreLocation_any.swift in Sources */ = {isa = PBXBuildFile; fileRef = 618F8EAA2BE9FDCE00618E7C /* CoreLocation_any.swift */; };
		618F8F2D2BEA04FA00618E7C /* String_any.swift in Sources */ = {isa = PBXBuildFile; fileRef = 618F8EAC2BE9FDCE00618E7C /* String_any.swift */; };
		618F8F2E2BEA04FD00618E7C /* Point.swift in Sources */ = {isa = PBXBuildFile; fileRef = 618F8EAE2BE9FDCE00618E7C /* Point.swift */; };
		618F8F2F2BEA04FD00618E7C /* TestTools.swift in Sources */ = {isa = PBXBuildFile; fileRef = 618F8EAF2BE9FDCE00618E7C /* TestTools.swift */; };
		61F648C52BEA122300C2625C /* Wand-CoreMotion in Frameworks */ = {isa = PBXBuildFile; productRef = 61F648C42BEA122300C2625C /* Wand-CoreMotion */; };
		61F648C72BEA122900C2625C /* Wand-CoreMotion in Frameworks */ = {isa = PBXBuildFile; productRef = 61F648C62BEA122900C2625C /* Wand-CoreMotion */; };
/* End PBXBuildFile section */

/* Begin PBXContainerItemProxy section */
		6139664C2BE0F87A004C18A3 /* PBXContainerItemProxy */ = {
			isa = PBXContainerItemProxy;
			containerPortal = OBJ_1 /* Project object */;
			proxyType = 1;
			remoteGlobalIDString = 613966142BE0F4EF004C18A3;
			remoteInfo = WatchPlay;
		};
		618D53D52BE3C5120098DB6F /* PBXContainerItemProxy */ = {
			isa = PBXContainerItemProxy;
			containerPortal = OBJ_1 /* Project object */;
			proxyType = 1;
			remoteGlobalIDString = 6162624B28BC8E2B00D63EA5;
			remoteInfo = Play;
		};
/* End PBXContainerItemProxy section */

/* Begin PBXFileReference section */
		613966152BE0F4EF004C18A3 /* WatchPlay.app */ = {isa = PBXFileReference; explicitFileType = wrapper.application; includeInIndex = 0; path = WatchPlay.app; sourceTree = BUILT_PRODUCTS_DIR; };
		613966482BE0F87A004C18A3 /* WatchPlayTests.xctest */ = {isa = PBXFileReference; explicitFileType = wrapper.cfbundle; includeInIndex = 0; path = WatchPlayTests.xctest; sourceTree = BUILT_PRODUCTS_DIR; };
		6162624528BC8E2A00D63EA5 /* Play.swift */ = {isa = PBXFileReference; lastKnownFileType = sourcecode.swift; path = Play.swift; sourceTree = "<group>"; };
		6162624628BC8E2A00D63EA5 /* ContentView.swift */ = {isa = PBXFileReference; lastKnownFileType = sourcecode.swift; path = ContentView.swift; sourceTree = "<group>"; };
		6162624728BC8E2B00D63EA5 /* Assets.xcassets */ = {isa = PBXFileReference; lastKnownFileType = folder.assetcatalog; path = Assets.xcassets; sourceTree = "<group>"; };
		6162624C28BC8E2B00D63EA5 /* Play.app */ = {isa = PBXFileReference; explicitFileType = wrapper.application; includeInIndex = 0; path = Play.app; sourceTree = BUILT_PRODUCTS_DIR; };
		618D53D12BE3C5120098DB6F /* WandTests.xctest */ = {isa = PBXFileReference; explicitFileType = wrapper.cfbundle; includeInIndex = 0; path = WandTests.xctest; sourceTree = BUILT_PRODUCTS_DIR; };
		618F8EA92BE9FDCE00618E7C /* any.swift */ = {isa = PBXFileReference; fileEncoding = 4; lastKnownFileType = sourcecode.swift; path = any.swift; sourceTree = "<group>"; };
		618F8EAA2BE9FDCE00618E7C /* CoreLocation_any.swift */ = {isa = PBXFileReference; fileEncoding = 4; lastKnownFileType = sourcecode.swift; path = CoreLocation_any.swift; sourceTree = "<group>"; };
		618F8EAB2BE9FDCE00618E7C /* Range_any.swift */ = {isa = PBXFileReference; fileEncoding = 4; lastKnownFileType = sourcecode.swift; path = Range_any.swift; sourceTree = "<group>"; };
		618F8EAC2BE9FDCE00618E7C /* String_any.swift */ = {isa = PBXFileReference; fileEncoding = 4; lastKnownFileType = sourcecode.swift; path = String_any.swift; sourceTree = "<group>"; };
		618F8EAE2BE9FDCE00618E7C /* Point.swift */ = {isa = PBXFileReference; fileEncoding = 4; lastKnownFileType = sourcecode.swift; path = Point.swift; sourceTree = "<group>"; };
		618F8EAF2BE9FDCE00618E7C /* TestTools.swift */ = {isa = PBXFileReference; fileEncoding = 4; lastKnownFileType = sourcecode.swift; path = TestTools.swift; sourceTree = "<group>"; };
		618F8ECA2BE9FDCE00618E7C /* CoreMotion_Tests.swift */ = {isa = PBXFileReference; fileEncoding = 4; lastKnownFileType = sourcecode.swift; path = CoreMotion_Tests.swift; sourceTree = "<group>"; };
		618F8F182BEA00D400618E7C /* TestPlan.xctestplan */ = {isa = PBXFileReference; lastKnownFileType = text; path = TestPlan.xctestplan; sourceTree = "<group>"; };
		618F8F272BEA04BF00618E7C /* WatchTestPlan.xctestplan */ = {isa = PBXFileReference; lastKnownFileType = text; path = WatchTestPlan.xctestplan; sourceTree = "<group>"; };
		61A37BB42BE24A5F007B7FEE /* PlayTests.xctest */ = {isa = PBXFileReference; explicitFileType = wrapper.cfbundle; includeInIndex = 0; path = PlayTests.xctest; sourceTree = BUILT_PRODUCTS_DIR; };
		61B1B41C2BC9696200BD1F36 /* Entitlements.entitlements */ = {isa = PBXFileReference; lastKnownFileType = text.plist.entitlements; path = Entitlements.entitlements; sourceTree = "<group>"; };
		OBJ_141 /* LICENSE */ = {isa = PBXFileReference; lastKnownFileType = text; path = LICENSE; sourceTree = "<group>"; };
		OBJ_142 /* README.md */ = {isa = PBXFileReference; lastKnownFileType = net.daringfireball.markdown; path = README.md; sourceTree = "<group>"; };
/* End PBXFileReference section */

/* Begin PBXFrameworksBuildPhase section */
		613966122BE0F4EF004C18A3 /* Frameworks */ = {
			isa = PBXFrameworksBuildPhase;
			buildActionMask = 2147483647;
			files = (
				61F648C72BEA122900C2625C /* Wand-CoreMotion in Frameworks */,
			);
			runOnlyForDeploymentPostprocessing = 0;
		};
		613966452BE0F87A004C18A3 /* Frameworks */ = {
			isa = PBXFrameworksBuildPhase;
			buildActionMask = 2147483647;
			files = (
			);
			runOnlyForDeploymentPostprocessing = 0;
		};
		6162624928BC8E2B00D63EA5 /* Frameworks */ = {
			isa = PBXFrameworksBuildPhase;
			buildActionMask = 2147483647;
			files = (
				61F648C52BEA122300C2625C /* Wand-CoreMotion in Frameworks */,
			);
			runOnlyForDeploymentPostprocessing = 0;
		};
		618D53CE2BE3C5120098DB6F /* Frameworks */ = {
			isa = PBXFrameworksBuildPhase;
			buildActionMask = 2147483647;
			files = (
			);
			runOnlyForDeploymentPostprocessing = 0;
		};
/* End PBXFrameworksBuildPhase section */

/* Begin PBXGroup section */
		613966682BE0FB2E004C18A3 /* Frameworks */ = {
			isa = PBXGroup;
			children = (
			);
			name = Frameworks;
			sourceTree = "<group>";
		};
		6162624428BC8E2A00D63EA5 /* App */ = {
			isa = PBXGroup;
			children = (
				6162624728BC8E2B00D63EA5 /* Assets.xcassets */,
				6162624628BC8E2A00D63EA5 /* ContentView.swift */,
				61B1B41C2BC9696200BD1F36 /* Entitlements.entitlements */,
				6162624528BC8E2A00D63EA5 /* Play.swift */,
			);
			path = App;
			sourceTree = "<group>";
		};
		618F8EAD2BE9FDCE00618E7C /* any */ = {
			isa = PBXGroup;
			children = (
				618F8EA92BE9FDCE00618E7C /* any.swift */,
				618F8EAA2BE9FDCE00618E7C /* CoreLocation_any.swift */,
				618F8EAB2BE9FDCE00618E7C /* Range_any.swift */,
				618F8EAC2BE9FDCE00618E7C /* String_any.swift */,
			);
			path = any;
			sourceTree = "<group>";
		};
		618F8EB02BE9FDCE00618E7C /* _Tools */ = {
			isa = PBXGroup;
			children = (
				618F8EAD2BE9FDCE00618E7C /* any */,
				618F8EAE2BE9FDCE00618E7C /* Point.swift */,
				618F8EAF2BE9FDCE00618E7C /* TestTools.swift */,
			);
			path = _Tools;
			sourceTree = "<group>";
		};
		618F8ECF2BE9FDCE00618E7C /* WandTests */ = {
			isa = PBXGroup;
			children = (
				618F8EB02BE9FDCE00618E7C /* _Tools */,
				618F8ECA2BE9FDCE00618E7C /* CoreMotion_Tests.swift */,
			);
			path = WandTests;
			sourceTree = "<group>";
		};
		618F8ED22BE9FDCE00618E7C /* Tests */ = {
			isa = PBXGroup;
			children = (
				618F8ECF2BE9FDCE00618E7C /* WandTests */,
			);
			path = Tests;
			sourceTree = "<group>";
		};
		618F8ED42BE9FDCE00618E7C /* Package */ = {
			isa = PBXGroup;
			children = (
				618F8ED22BE9FDCE00618E7C /* Tests */,
			);
			path = Package;
			sourceTree = "<group>";
		};
		618F8EF92BE9FE3C00618E7C /* Tests */ = {
			isa = PBXGroup;
			children = (
				618F8F182BEA00D400618E7C /* TestPlan.xctestplan */,
				618F8F272BEA04BF00618E7C /* WatchTestPlan.xctestplan */,
			);
			path = Tests;
			sourceTree = "<group>";
		};
		OBJ_138 /* Products */ = {
			isa = PBXGroup;
			children = (
				6162624C28BC8E2B00D63EA5 /* Play.app */,
				613966152BE0F4EF004C18A3 /* WatchPlay.app */,
				613966482BE0F87A004C18A3 /* WatchPlayTests.xctest */,
				61A37BB42BE24A5F007B7FEE /* PlayTests.xctest */,
				618D53D12BE3C5120098DB6F /* WandTests.xctest */,
			);
			name = Products;
			sourceTree = BUILT_PRODUCTS_DIR;
		};
		OBJ_5 = {
			isa = PBXGroup;
			children = (
				6162624428BC8E2A00D63EA5 /* App */,
				618F8EF92BE9FE3C00618E7C /* Tests */,
				618F8ED42BE9FDCE00618E7C /* Package */,
				OBJ_138 /* Products */,
				OBJ_141 /* LICENSE */,
				OBJ_142 /* README.md */,
				613966682BE0FB2E004C18A3 /* Frameworks */,
			);
			sourceTree = "<group>";
		};
/* End PBXGroup section */

/* Begin PBXNativeTarget section */
		613966142BE0F4EF004C18A3 /* WatchPlay */ = {
			isa = PBXNativeTarget;
			buildConfigurationList = 613966262BE0F4F0004C18A3 /* Build configuration list for PBXNativeTarget "WatchPlay" */;
			buildPhases = (
				613966112BE0F4EF004C18A3 /* Sources */,
				613966122BE0F4EF004C18A3 /* Frameworks */,
				613966132BE0F4EF004C18A3 /* Resources */,
			);
			buildRules = (
			);
			dependencies = (
			);
			name = WatchPlay;
			packageProductDependencies = (
				61F648C62BEA122900C2625C /* Wand-CoreMotion */,
			);
			productName = "WatchPlay Watch App";
			productReference = 613966152BE0F4EF004C18A3 /* WatchPlay.app */;
			productType = "com.apple.product-type.application";
		};
		613966472BE0F87A004C18A3 /* WatchPlayTests */ = {
			isa = PBXNativeTarget;
			buildConfigurationList = 6139664E2BE0F87A004C18A3 /* Build configuration list for PBXNativeTarget "WatchPlayTests" */;
			buildPhases = (
				613966442BE0F87A004C18A3 /* Sources */,
				613966452BE0F87A004C18A3 /* Frameworks */,
				613966462BE0F87A004C18A3 /* Resources */,
			);
			buildRules = (
			);
			dependencies = (
				6139664D2BE0F87A004C18A3 /* PBXTargetDependency */,
			);
			name = WatchPlayTests;
			productName = WatchPlayTests;
			productReference = 613966482BE0F87A004C18A3 /* WatchPlayTests.xctest */;
			productType = "com.apple.product-type.bundle.unit-test";
		};
		6162624B28BC8E2B00D63EA5 /* Play */ = {
			isa = PBXNativeTarget;
			buildConfigurationList = 6162625A28BC8E2B00D63EA5 /* Build configuration list for PBXNativeTarget "Play" */;
			buildPhases = (
				6162624828BC8E2B00D63EA5 /* Sources */,
				6162624928BC8E2B00D63EA5 /* Frameworks */,
				6162624A28BC8E2B00D63EA5 /* Resources */,
			);
			buildRules = (
			);
			dependencies = (
			);
			name = Play;
			packageProductDependencies = (
				61F648C42BEA122300C2625C /* Wand-CoreMotion */,
			);
			productName = "Sandbox (iOS)";
			productReference = 6162624C28BC8E2B00D63EA5 /* Play.app */;
			productType = "com.apple.product-type.application";
		};
		618D53D02BE3C5120098DB6F /* WandTests */ = {
			isa = PBXNativeTarget;
			buildConfigurationList = 618D53D72BE3C5120098DB6F /* Build configuration list for PBXNativeTarget "WandTests" */;
			buildPhases = (
				618D53CD2BE3C5120098DB6F /* Sources */,
				618D53CE2BE3C5120098DB6F /* Frameworks */,
				618D53CF2BE3C5120098DB6F /* Resources */,
			);
			buildRules = (
			);
			dependencies = (
				618D53D62BE3C5120098DB6F /* PBXTargetDependency */,
			);
			name = WandTests;
			productName = Tests;
			productReference = 618D53D12BE3C5120098DB6F /* WandTests.xctest */;
			productType = "com.apple.product-type.bundle.unit-test";
		};
/* End PBXNativeTarget section */

/* Begin PBXProject section */
		OBJ_1 /* Project object */ = {
			isa = PBXProject;
			attributes = {
				BuildIndependentTargetsInParallel = YES;
				LastSwiftMigration = 9999;
				LastSwiftUpdateCheck = 1530;
				LastUpgradeCheck = 1530;
				TargetAttributes = {
					613966142BE0F4EF004C18A3 = {
						CreatedOnToolsVersion = 15.3;
					};
					613966472BE0F87A004C18A3 = {
						CreatedOnToolsVersion = 15.3;
						TestTargetID = 613966142BE0F4EF004C18A3;
					};
					6162624B28BC8E2B00D63EA5 = {
						CreatedOnToolsVersion = 13.4.1;
						DevelopmentTeam = LZSP4Z4B6A;
						ProvisioningStyle = Automatic;
					};
					618D53D02BE3C5120098DB6F = {
						CreatedOnToolsVersion = 15.3;
						TestTargetID = 6162624B28BC8E2B00D63EA5;
					};
				};
			};
			buildConfigurationList = OBJ_2 /* Build configuration list for PBXProject "Wand-CoreMotion" */;
			compatibilityVersion = "Xcode 3.2";
			developmentRegion = en;
			hasScannedForEncodings = 0;
			knownRegions = (
				en,
				Base,
			);
			mainGroup = OBJ_5;
			packageReferences = (
				61A37BC52BE24B97007B7FEE /* XCLocalSwiftPackageReference "Package" */,
			);
			productRefGroup = OBJ_138 /* Products */;
			projectDirPath = "";
			projectRoot = "";
			targets = (
				6162624B28BC8E2B00D63EA5 /* Play */,
				618D53D02BE3C5120098DB6F /* WandTests */,
				613966142BE0F4EF004C18A3 /* WatchPlay */,
				613966472BE0F87A004C18A3 /* WatchPlayTests */,
			);
		};
/* End PBXProject section */

/* Begin PBXResourcesBuildPhase section */
		613966132BE0F4EF004C18A3 /* Resources */ = {
			isa = PBXResourcesBuildPhase;
			buildActionMask = 2147483647;
			files = (
				613966662BE0FB0D004C18A3 /* Assets.xcassets in Resources */,
			);
			runOnlyForDeploymentPostprocessing = 0;
		};
		613966462BE0F87A004C18A3 /* Resources */ = {
			isa = PBXResourcesBuildPhase;
			buildActionMask = 2147483647;
			files = (
			);
			runOnlyForDeploymentPostprocessing = 0;
		};
		6162624A28BC8E2B00D63EA5 /* Resources */ = {
			isa = PBXResourcesBuildPhase;
			buildActionMask = 2147483647;
			files = (
				6162625828BC8E2B00D63EA5 /* Assets.xcassets in Resources */,
			);
			runOnlyForDeploymentPostprocessing = 0;
		};
		618D53CF2BE3C5120098DB6F /* Resources */ = {
			isa = PBXResourcesBuildPhase;
			buildActionMask = 2147483647;
			files = (
			);
			runOnlyForDeploymentPostprocessing = 0;
		};
/* End PBXResourcesBuildPhase section */

/* Begin PBXSourcesBuildPhase section */
		613966112BE0F4EF004C18A3 /* Sources */ = {
			isa = PBXSourcesBuildPhase;
			buildActionMask = 2147483647;
			files = (
				613966272BE0F532004C18A3 /* Play.swift in Sources */,
				613966672BE0FB14004C18A3 /* ContentView.swift in Sources */,
			);
			runOnlyForDeploymentPostprocessing = 0;
		};
		613966442BE0F87A004C18A3 /* Sources */ = {
			isa = PBXSourcesBuildPhase;
			buildActionMask = 2147483647;
			files = (
				618F8F2A2BEA04FA00618E7C /* any.swift in Sources */,
				618F8F2B2BEA04FA00618E7C /* Range_any.swift in Sources */,
				618F8F2E2BEA04FD00618E7C /* Point.swift in Sources */,
				618F8F2F2BEA04FD00618E7C /* TestTools.swift in Sources */,
				618F8F2C2BEA04FA00618E7C /* CoreLocation_any.swift in Sources */,
				618F8F2D2BEA04FA00618E7C /* String_any.swift in Sources */,
				618F8F252BEA047D00618E7C /* CoreMotion_Tests.swift in Sources */,
			);
			runOnlyForDeploymentPostprocessing = 0;
		};
		6162624828BC8E2B00D63EA5 /* Sources */ = {
			isa = PBXSourcesBuildPhase;
			buildActionMask = 2147483647;
			files = (
				6162625628BC8E2B00D63EA5 /* ContentView.swift in Sources */,
				6162625428BC8E2B00D63EA5 /* Play.swift in Sources */,
			);
			runOnlyForDeploymentPostprocessing = 0;
		};
		618D53CD2BE3C5120098DB6F /* Sources */ = {
			isa = PBXSourcesBuildPhase;
			buildActionMask = 2147483647;
			files = (
				618F8EFD2BE9FF7B00618E7C /* Range_any.swift in Sources */,
				618F8F002BE9FF7B00618E7C /* any.swift in Sources */,
				618F8F012BE9FF7B00618E7C /* String_any.swift in Sources */,
				618F8F022BE9FF7B00618E7C /* Point.swift in Sources */,
				618F8F0B2BE9FF7B00618E7C /* TestTools.swift in Sources */,
				618F8F0D2BE9FF7B00618E7C /* CoreMotion_Tests.swift in Sources */,
				618F8F0E2BE9FF7B00618E7C /* CoreLocation_any.swift in Sources */,
			);
			runOnlyForDeploymentPostprocessing = 0;
		};
/* End PBXSourcesBuildPhase section */

/* Begin PBXTargetDependency section */
		6139664D2BE0F87A004C18A3 /* PBXTargetDependency */ = {
			isa = PBXTargetDependency;
			target = 613966142BE0F4EF004C18A3 /* WatchPlay */;
			targetProxy = 6139664C2BE0F87A004C18A3 /* PBXContainerItemProxy */;
		};
		618D53D62BE3C5120098DB6F /* PBXTargetDependency */ = {
			isa = PBXTargetDependency;
			target = 6162624B28BC8E2B00D63EA5 /* Play */;
			targetProxy = 618D53D52BE3C5120098DB6F /* PBXContainerItemProxy */;
		};
/* End PBXTargetDependency section */

/* Begin XCBuildConfiguration section */
		613966242BE0F4F0004C18A3 /* Debug */ = {
			isa = XCBuildConfiguration;
			buildSettings = {
				ALWAYS_SEARCH_USER_PATHS = NO;
				ASSETCATALOG_COMPILER_APPICON_NAME = AppIcon;
				ASSETCATALOG_COMPILER_GENERATE_ASSET_SYMBOLS = NO;
				ASSETCATALOG_COMPILER_GENERATE_SWIFT_ASSET_SYMBOL_EXTENSIONS = NO;
				ASSETCATALOG_COMPILER_GLOBAL_ACCENT_COLOR_NAME = AccentColor;
				CLANG_ANALYZER_NONNULL = YES;
				CLANG_ANALYZER_NUMBER_OBJECT_CONVERSION = YES_AGGRESSIVE;
				CLANG_CXX_LANGUAGE_STANDARD = "gnu++20";
				CLANG_ENABLE_MODULES = YES;
				CLANG_ENABLE_OBJC_WEAK = YES;
				CLANG_WARN_DIRECT_OBJC_ISA_USAGE = YES_ERROR;
				CLANG_WARN_DOCUMENTATION_COMMENTS = YES;
				CLANG_WARN_OBJC_ROOT_CLASS = YES_ERROR;
				CLANG_WARN_UNGUARDED_AVAILABILITY = YES_AGGRESSIVE;
				CODE_SIGN_STYLE = Automatic;
				CURRENT_PROJECT_VERSION = 21;
				DEVELOPMENT_ASSET_PATHS = "";
				DEVELOPMENT_TEAM = LZSP4Z4B6A;
				ENABLE_PREVIEWS = YES;
				ENABLE_USER_SCRIPT_SANDBOXING = YES;
				GCC_C_LANGUAGE_STANDARD = gnu17;
				GCC_DYNAMIC_NO_PIC = NO;
				GCC_PREPROCESSOR_DEFINITIONS = (
					"DEBUG=1",
					"$(inherited)",
				);
				GCC_WARN_ABOUT_RETURN_TYPE = YES_ERROR;
				GCC_WARN_UNINITIALIZED_AUTOS = YES_AGGRESSIVE;
				GENERATE_INFOPLIST_FILE = YES;
				INFOPLIST_KEY_CFBundleDisplayName = WatchPlay;
				INFOPLIST_KEY_NSContactsUsageDescription = 12;
				INFOPLIST_KEY_UISupportedInterfaceOrientations = "UIInterfaceOrientationPortrait UIInterfaceOrientationPortraitUpsideDown";
				INFOPLIST_KEY_WKCompanionAppBundleIdentifier = "el-machine.Play";
				INFOPLIST_KEY_WKRunsIndependentlyOfCompanionApp = YES;
				LD_RUNPATH_SEARCH_PATHS = (
					"$(inherited)",
					"@executable_path/Frameworks",
				);
				LOCALIZATION_PREFERS_STRING_CATALOGS = YES;
				MARKETING_VERSION = 1.0;
				MTL_ENABLE_DEBUG_INFO = INCLUDE_SOURCE;
				MTL_FAST_MATH = YES;
				PRODUCT_BUNDLE_IDENTIFIER = "el-machine.Play.watchkitapp";
				PRODUCT_NAME = "$(TARGET_NAME)";
				SDKROOT = watchos;
				SKIP_INSTALL = YES;
				SUPPORTED_PLATFORMS = "watchsimulator watchos";
				SWIFT_ACTIVE_COMPILATION_CONDITIONS = "DEBUG $(inherited)";
				SWIFT_EMIT_LOC_STRINGS = YES;
				SWIFT_VERSION = 5.0;
				TARGETED_DEVICE_FAMILY = 4;
				WATCHOS_DEPLOYMENT_TARGET = 7.0;
			};
			name = Debug;
		};
		613966252BE0F4F0004C18A3 /* Release */ = {
			isa = XCBuildConfiguration;
			buildSettings = {
				ALWAYS_SEARCH_USER_PATHS = NO;
				ASSETCATALOG_COMPILER_APPICON_NAME = AppIcon;
				ASSETCATALOG_COMPILER_GENERATE_ASSET_SYMBOLS = NO;
				ASSETCATALOG_COMPILER_GENERATE_SWIFT_ASSET_SYMBOL_EXTENSIONS = NO;
				ASSETCATALOG_COMPILER_GLOBAL_ACCENT_COLOR_NAME = AccentColor;
				CLANG_ANALYZER_NONNULL = YES;
				CLANG_ANALYZER_NUMBER_OBJECT_CONVERSION = YES_AGGRESSIVE;
				CLANG_CXX_LANGUAGE_STANDARD = "gnu++20";
				CLANG_ENABLE_MODULES = YES;
				CLANG_ENABLE_OBJC_WEAK = YES;
				CLANG_WARN_DIRECT_OBJC_ISA_USAGE = YES_ERROR;
				CLANG_WARN_DOCUMENTATION_COMMENTS = YES;
				CLANG_WARN_OBJC_ROOT_CLASS = YES_ERROR;
				CLANG_WARN_UNGUARDED_AVAILABILITY = YES_AGGRESSIVE;
				CODE_SIGN_STYLE = Automatic;
				COPY_PHASE_STRIP = NO;
				CURRENT_PROJECT_VERSION = 21;
				DEVELOPMENT_ASSET_PATHS = "";
				DEVELOPMENT_TEAM = LZSP4Z4B6A;
				ENABLE_NS_ASSERTIONS = NO;
				ENABLE_PREVIEWS = YES;
				ENABLE_USER_SCRIPT_SANDBOXING = YES;
				GCC_C_LANGUAGE_STANDARD = gnu17;
				GCC_WARN_ABOUT_RETURN_TYPE = YES_ERROR;
				GCC_WARN_UNINITIALIZED_AUTOS = YES_AGGRESSIVE;
				GENERATE_INFOPLIST_FILE = YES;
				INFOPLIST_KEY_CFBundleDisplayName = WatchPlay;
				INFOPLIST_KEY_NSContactsUsageDescription = 12;
				INFOPLIST_KEY_UISupportedInterfaceOrientations = "UIInterfaceOrientationPortrait UIInterfaceOrientationPortraitUpsideDown";
				INFOPLIST_KEY_WKCompanionAppBundleIdentifier = "el-machine.Play";
				INFOPLIST_KEY_WKRunsIndependentlyOfCompanionApp = YES;
				LD_RUNPATH_SEARCH_PATHS = (
					"$(inherited)",
					"@executable_path/Frameworks",
				);
				LOCALIZATION_PREFERS_STRING_CATALOGS = YES;
				MARKETING_VERSION = 1.0;
				MTL_ENABLE_DEBUG_INFO = NO;
				MTL_FAST_MATH = YES;
				PRODUCT_BUNDLE_IDENTIFIER = "el-machine.Play.watchkitapp";
				PRODUCT_NAME = "$(TARGET_NAME)";
				SDKROOT = watchos;
				SKIP_INSTALL = YES;
				SUPPORTED_PLATFORMS = "watchsimulator watchos";
				SWIFT_EMIT_LOC_STRINGS = YES;
				SWIFT_VERSION = 5.0;
				TARGETED_DEVICE_FAMILY = 4;
				VALIDATE_PRODUCT = YES;
				WATCHOS_DEPLOYMENT_TARGET = 7.0;
			};
			name = Release;
		};
		6139664F2BE0F87A004C18A3 /* Debug */ = {
			isa = XCBuildConfiguration;
			buildSettings = {
				ALWAYS_SEARCH_USER_PATHS = NO;
				ASSETCATALOG_COMPILER_GENERATE_SWIFT_ASSET_SYMBOL_EXTENSIONS = YES;
				BUNDLE_LOADER = "$(TEST_HOST)";
				CLANG_ANALYZER_NONNULL = YES;
				CLANG_ANALYZER_NUMBER_OBJECT_CONVERSION = YES_AGGRESSIVE;
				CLANG_CXX_LANGUAGE_STANDARD = "gnu++20";
				CLANG_ENABLE_MODULES = YES;
				CLANG_ENABLE_OBJC_WEAK = YES;
				CLANG_WARN_DIRECT_OBJC_ISA_USAGE = YES_ERROR;
				CLANG_WARN_DOCUMENTATION_COMMENTS = YES;
				CLANG_WARN_OBJC_ROOT_CLASS = YES_ERROR;
				CLANG_WARN_UNGUARDED_AVAILABILITY = YES_AGGRESSIVE;
				CODE_SIGN_STYLE = Automatic;
				CURRENT_PROJECT_VERSION = 21;
				DEVELOPMENT_TEAM = LZSP4Z4B6A;
				ENABLE_USER_SCRIPT_SANDBOXING = YES;
				GCC_C_LANGUAGE_STANDARD = gnu17;
				GCC_DYNAMIC_NO_PIC = NO;
				GCC_PREPROCESSOR_DEFINITIONS = (
					"DEBUG=1",
					"$(inherited)",
				);
				GCC_WARN_ABOUT_RETURN_TYPE = YES_ERROR;
				GCC_WARN_UNINITIALIZED_AUTOS = YES_AGGRESSIVE;
				GENERATE_INFOPLIST_FILE = YES;
				LOCALIZATION_PREFERS_STRING_CATALOGS = YES;
				MARKETING_VERSION = 1.0;
				MTL_ENABLE_DEBUG_INFO = INCLUDE_SOURCE;
				MTL_FAST_MATH = YES;
				PRODUCT_BUNDLE_IDENTIFIER = "el-machine.WatchPlayTests";
				PRODUCT_NAME = "$(TARGET_NAME)";
				SDKROOT = watchos;
				SWIFT_ACTIVE_COMPILATION_CONDITIONS = "DEBUG $(inherited)";
				SWIFT_EMIT_LOC_STRINGS = NO;
				SWIFT_VERSION = 5.0;
				TARGETED_DEVICE_FAMILY = 4;
				TEST_HOST = "$(BUILT_PRODUCTS_DIR)/WatchPlay.app/$(BUNDLE_EXECUTABLE_FOLDER_PATH)/WatchPlay";
				WATCHOS_DEPLOYMENT_TARGET = 10.4;
			};
			name = Debug;
		};
		613966502BE0F87A004C18A3 /* Release */ = {
			isa = XCBuildConfiguration;
			buildSettings = {
				ALWAYS_SEARCH_USER_PATHS = NO;
				ASSETCATALOG_COMPILER_GENERATE_SWIFT_ASSET_SYMBOL_EXTENSIONS = YES;
				BUNDLE_LOADER = "$(TEST_HOST)";
				CLANG_ANALYZER_NONNULL = YES;
				CLANG_ANALYZER_NUMBER_OBJECT_CONVERSION = YES_AGGRESSIVE;
				CLANG_CXX_LANGUAGE_STANDARD = "gnu++20";
				CLANG_ENABLE_MODULES = YES;
				CLANG_ENABLE_OBJC_WEAK = YES;
				CLANG_WARN_DIRECT_OBJC_ISA_USAGE = YES_ERROR;
				CLANG_WARN_DOCUMENTATION_COMMENTS = YES;
				CLANG_WARN_OBJC_ROOT_CLASS = YES_ERROR;
				CLANG_WARN_UNGUARDED_AVAILABILITY = YES_AGGRESSIVE;
				CODE_SIGN_STYLE = Automatic;
				COPY_PHASE_STRIP = NO;
				CURRENT_PROJECT_VERSION = 21;
				DEVELOPMENT_TEAM = LZSP4Z4B6A;
				ENABLE_NS_ASSERTIONS = NO;
				ENABLE_USER_SCRIPT_SANDBOXING = YES;
				GCC_C_LANGUAGE_STANDARD = gnu17;
				GCC_WARN_ABOUT_RETURN_TYPE = YES_ERROR;
				GCC_WARN_UNINITIALIZED_AUTOS = YES_AGGRESSIVE;
				GENERATE_INFOPLIST_FILE = YES;
				LOCALIZATION_PREFERS_STRING_CATALOGS = YES;
				MARKETING_VERSION = 1.0;
				MTL_ENABLE_DEBUG_INFO = NO;
				MTL_FAST_MATH = YES;
				PRODUCT_BUNDLE_IDENTIFIER = "el-machine.WatchPlayTests";
				PRODUCT_NAME = "$(TARGET_NAME)";
				SDKROOT = watchos;
				SWIFT_EMIT_LOC_STRINGS = NO;
				SWIFT_VERSION = 5.0;
				TARGETED_DEVICE_FAMILY = 4;
				TEST_HOST = "$(BUILT_PRODUCTS_DIR)/WatchPlay.app/$(BUNDLE_EXECUTABLE_FOLDER_PATH)/WatchPlay";
				VALIDATE_PRODUCT = YES;
				WATCHOS_DEPLOYMENT_TARGET = 10.4;
			};
			name = Release;
		};
		6162625B28BC8E2B00D63EA5 /* Debug */ = {
			isa = XCBuildConfiguration;
			buildSettings = {
				ALWAYS_SEARCH_USER_PATHS = NO;
				ASSETCATALOG_COMPILER_APPICON_NAME = AppIcon;
				ASSETCATALOG_COMPILER_GLOBAL_ACCENT_COLOR_NAME = AccentColor;
				CLANG_ANALYZER_NONNULL = YES;
				CLANG_ANALYZER_NUMBER_OBJECT_CONVERSION = YES_AGGRESSIVE;
				CLANG_CXX_LANGUAGE_STANDARD = "gnu++17";
				CLANG_ENABLE_MODULES = YES;
				CLANG_ENABLE_OBJC_WEAK = YES;
				CLANG_WARN_BLOCK_CAPTURE_AUTORELEASING = YES;
				CLANG_WARN_BOOL_CONVERSION = YES;
				CLANG_WARN_COMMA = YES;
				CLANG_WARN_CONSTANT_CONVERSION = YES;
				CLANG_WARN_DEPRECATED_OBJC_IMPLEMENTATIONS = YES;
				CLANG_WARN_DIRECT_OBJC_ISA_USAGE = YES_ERROR;
				CLANG_WARN_DOCUMENTATION_COMMENTS = YES;
				CLANG_WARN_EMPTY_BODY = YES;
				CLANG_WARN_ENUM_CONVERSION = YES;
				CLANG_WARN_INFINITE_RECURSION = YES;
				CLANG_WARN_INT_CONVERSION = YES;
				CLANG_WARN_NON_LITERAL_NULL_CONVERSION = YES;
				CLANG_WARN_OBJC_IMPLICIT_RETAIN_SELF = YES;
				CLANG_WARN_OBJC_LITERAL_CONVERSION = YES;
				CLANG_WARN_OBJC_ROOT_CLASS = YES_ERROR;
				CLANG_WARN_QUOTED_INCLUDE_IN_FRAMEWORK_HEADER = YES;
				CLANG_WARN_RANGE_LOOP_ANALYSIS = YES;
				CLANG_WARN_STRICT_PROTOTYPES = YES;
				CLANG_WARN_SUSPICIOUS_MOVE = YES;
				CLANG_WARN_UNGUARDED_AVAILABILITY = YES_AGGRESSIVE;
				CLANG_WARN_UNREACHABLE_CODE = YES;
				CLANG_WARN__DUPLICATE_METHOD_MATCH = YES;
				CODE_SIGN_ENTITLEMENTS = App/Entitlements.entitlements;
				CODE_SIGN_STYLE = Automatic;
				CURRENT_PROJECT_VERSION = 21;
				DEVELOPMENT_TEAM = LZSP4Z4B6A;
				ENABLE_HARDENED_RUNTIME = NO;
				ENABLE_PREVIEWS = YES;
				ENABLE_STRICT_OBJC_MSGSEND = YES;
				ENABLE_TESTABILITY = YES;
				GCC_C_LANGUAGE_STANDARD = gnu11;
				GCC_DYNAMIC_NO_PIC = NO;
				GCC_NO_COMMON_BLOCKS = YES;
				GCC_PREPROCESSOR_DEFINITIONS = (
					"DEBUG=1",
					"$(inherited)",
				);
				GCC_WARN_64_TO_32_BIT_CONVERSION = YES;
				GCC_WARN_ABOUT_RETURN_TYPE = YES_ERROR;
				GCC_WARN_UNDECLARED_SELECTOR = YES;
				GCC_WARN_UNINITIALIZED_AUTOS = YES_AGGRESSIVE;
				GCC_WARN_UNUSED_FUNCTION = YES;
				GCC_WARN_UNUSED_VARIABLE = YES;
				GENERATE_INFOPLIST_FILE = YES;
				INFOPLIST_KEY_CFBundleDisplayName = Wand;
				INFOPLIST_KEY_NFCReaderUsageDescription = "testing 🧑‍💻";
				INFOPLIST_KEY_NSBluetoothAlwaysUsageDescription = "testing 🧑‍💻";
				INFOPLIST_KEY_NSBluetoothPeripheralUsageDescription = "testing 🧑‍💻";
				INFOPLIST_KEY_NSBluetoothWhileInUseUsageDescription = "testing 🧑‍💻";
				INFOPLIST_KEY_NSCalendarsUsageDescription = "testing 🧑‍💻";
				INFOPLIST_KEY_NSCameraUsageDescription = "testing 🧑‍💻";
				INFOPLIST_KEY_NSContactsUsageDescription = "testing 🧑‍💻";
				INFOPLIST_KEY_NSLocationAlwaysAndWhenInUseUsageDescription = "testing 🧑‍💻";
				INFOPLIST_KEY_NSLocationAlwaysUsageDescription = "testing 🧑‍💻";
				INFOPLIST_KEY_NSLocationTemporaryUsageDescriptionDictionary = "testing 🧑‍💻";
				INFOPLIST_KEY_NSLocationUsageDescription = "testing 🧑‍💻";
				INFOPLIST_KEY_NSLocationWhenInUseUsageDescription = "testing 🧑‍💻";
				INFOPLIST_KEY_NSMotionUsageDescription = "testing 🧑‍💻";
				INFOPLIST_KEY_UIApplicationSceneManifest_Generation = YES;
				INFOPLIST_KEY_UIApplicationSupportsIndirectInputEvents = YES;
				INFOPLIST_KEY_UILaunchScreen_Generation = YES;
				INFOPLIST_KEY_UISupportedInterfaceOrientations_iPad = "UIInterfaceOrientationPortrait UIInterfaceOrientationPortraitUpsideDown UIInterfaceOrientationLandscapeLeft UIInterfaceOrientationLandscapeRight";
				INFOPLIST_KEY_UISupportedInterfaceOrientations_iPhone = "UIInterfaceOrientationPortrait UIInterfaceOrientationLandscapeLeft UIInterfaceOrientationLandscapeRight";
				IPHONEOS_DEPLOYMENT_TARGET = 14.0;
				LD_RUNPATH_SEARCH_PATHS = (
					"$(inherited)",
					"@executable_path/Frameworks",
				);
				MACOSX_DEPLOYMENT_TARGET = 11.0;
				MARKETING_VERSION = 1.0;
				MTL_ENABLE_DEBUG_INFO = INCLUDE_SOURCE;
				MTL_FAST_MATH = YES;
				PRODUCT_BUNDLE_IDENTIFIER = "el-machine.Play";
				PRODUCT_NAME = Play;
				SDKROOT = iphoneos;
				SUPPORTED_PLATFORMS = "appletvos appletvsimulator iphoneos iphonesimulator macosx watchos watchsimulator xros xrsimulator";
				SUPPORTS_MACCATALYST = NO;
				SUPPORTS_MAC_DESIGNED_FOR_IPHONE_IPAD = NO;
				SUPPORTS_XR_DESIGNED_FOR_IPHONE_IPAD = NO;
				SWIFT_ACTIVE_COMPILATION_CONDITIONS = DEBUG;
				SWIFT_EMIT_LOC_STRINGS = YES;
				SWIFT_VERSION = 5.0;
				TARGETED_DEVICE_FAMILY = "1,2,3,7";
			};
			name = Debug;
		};
		6162625C28BC8E2B00D63EA5 /* Release */ = {
			isa = XCBuildConfiguration;
			buildSettings = {
				ALWAYS_SEARCH_USER_PATHS = NO;
				ASSETCATALOG_COMPILER_APPICON_NAME = AppIcon;
				ASSETCATALOG_COMPILER_GLOBAL_ACCENT_COLOR_NAME = AccentColor;
				CLANG_ANALYZER_NONNULL = YES;
				CLANG_ANALYZER_NUMBER_OBJECT_CONVERSION = YES_AGGRESSIVE;
				CLANG_CXX_LANGUAGE_STANDARD = "gnu++17";
				CLANG_ENABLE_MODULES = YES;
				CLANG_ENABLE_OBJC_WEAK = YES;
				CLANG_WARN_BLOCK_CAPTURE_AUTORELEASING = YES;
				CLANG_WARN_BOOL_CONVERSION = YES;
				CLANG_WARN_COMMA = YES;
				CLANG_WARN_CONSTANT_CONVERSION = YES;
				CLANG_WARN_DEPRECATED_OBJC_IMPLEMENTATIONS = YES;
				CLANG_WARN_DIRECT_OBJC_ISA_USAGE = YES_ERROR;
				CLANG_WARN_DOCUMENTATION_COMMENTS = YES;
				CLANG_WARN_EMPTY_BODY = YES;
				CLANG_WARN_ENUM_CONVERSION = YES;
				CLANG_WARN_INFINITE_RECURSION = YES;
				CLANG_WARN_INT_CONVERSION = YES;
				CLANG_WARN_NON_LITERAL_NULL_CONVERSION = YES;
				CLANG_WARN_OBJC_IMPLICIT_RETAIN_SELF = YES;
				CLANG_WARN_OBJC_LITERAL_CONVERSION = YES;
				CLANG_WARN_OBJC_ROOT_CLASS = YES_ERROR;
				CLANG_WARN_QUOTED_INCLUDE_IN_FRAMEWORK_HEADER = YES;
				CLANG_WARN_RANGE_LOOP_ANALYSIS = YES;
				CLANG_WARN_STRICT_PROTOTYPES = YES;
				CLANG_WARN_SUSPICIOUS_MOVE = YES;
				CLANG_WARN_UNGUARDED_AVAILABILITY = YES_AGGRESSIVE;
				CLANG_WARN_UNREACHABLE_CODE = YES;
				CLANG_WARN__DUPLICATE_METHOD_MATCH = YES;
				CODE_SIGN_ENTITLEMENTS = App/Entitlements.entitlements;
				CODE_SIGN_STYLE = Automatic;
				COPY_PHASE_STRIP = NO;
				CURRENT_PROJECT_VERSION = 21;
				DEVELOPMENT_TEAM = LZSP4Z4B6A;
				ENABLE_HARDENED_RUNTIME = NO;
				ENABLE_NS_ASSERTIONS = NO;
				ENABLE_PREVIEWS = YES;
				ENABLE_STRICT_OBJC_MSGSEND = YES;
				GCC_C_LANGUAGE_STANDARD = gnu11;
				GCC_NO_COMMON_BLOCKS = YES;
				GCC_WARN_64_TO_32_BIT_CONVERSION = YES;
				GCC_WARN_ABOUT_RETURN_TYPE = YES_ERROR;
				GCC_WARN_UNDECLARED_SELECTOR = YES;
				GCC_WARN_UNINITIALIZED_AUTOS = YES_AGGRESSIVE;
				GCC_WARN_UNUSED_FUNCTION = YES;
				GCC_WARN_UNUSED_VARIABLE = YES;
				GENERATE_INFOPLIST_FILE = YES;
				INFOPLIST_KEY_CFBundleDisplayName = Wand;
				INFOPLIST_KEY_NFCReaderUsageDescription = "testing 🧑‍💻";
				INFOPLIST_KEY_NSBluetoothAlwaysUsageDescription = "testing 🧑‍💻";
				INFOPLIST_KEY_NSBluetoothPeripheralUsageDescription = "testing 🧑‍💻";
				INFOPLIST_KEY_NSBluetoothWhileInUseUsageDescription = "testing 🧑‍💻";
				INFOPLIST_KEY_NSCalendarsUsageDescription = "testing 🧑‍💻";
				INFOPLIST_KEY_NSCameraUsageDescription = "testing 🧑‍💻";
				INFOPLIST_KEY_NSContactsUsageDescription = "testing 🧑‍💻";
				INFOPLIST_KEY_NSLocationAlwaysAndWhenInUseUsageDescription = "testing 🧑‍💻";
				INFOPLIST_KEY_NSLocationAlwaysUsageDescription = "testing 🧑‍💻";
				INFOPLIST_KEY_NSLocationTemporaryUsageDescriptionDictionary = "testing 🧑‍💻";
				INFOPLIST_KEY_NSLocationUsageDescription = "testing 🧑‍💻";
				INFOPLIST_KEY_NSLocationWhenInUseUsageDescription = "testing 🧑‍💻";
				INFOPLIST_KEY_NSMotionUsageDescription = "testing 🧑‍💻";
				INFOPLIST_KEY_UIApplicationSceneManifest_Generation = YES;
				INFOPLIST_KEY_UIApplicationSupportsIndirectInputEvents = YES;
				INFOPLIST_KEY_UILaunchScreen_Generation = YES;
				INFOPLIST_KEY_UISupportedInterfaceOrientations_iPad = "UIInterfaceOrientationPortrait UIInterfaceOrientationPortraitUpsideDown UIInterfaceOrientationLandscapeLeft UIInterfaceOrientationLandscapeRight";
				INFOPLIST_KEY_UISupportedInterfaceOrientations_iPhone = "UIInterfaceOrientationPortrait UIInterfaceOrientationLandscapeLeft UIInterfaceOrientationLandscapeRight";
				IPHONEOS_DEPLOYMENT_TARGET = 14.0;
				LD_RUNPATH_SEARCH_PATHS = (
					"$(inherited)",
					"@executable_path/Frameworks",
				);
				MACOSX_DEPLOYMENT_TARGET = 11.0;
				MARKETING_VERSION = 1.0;
				MTL_ENABLE_DEBUG_INFO = NO;
				MTL_FAST_MATH = YES;
				PRODUCT_BUNDLE_IDENTIFIER = "el-machine.Play";
				PRODUCT_NAME = Play;
				SDKROOT = iphoneos;
				SUPPORTED_PLATFORMS = "appletvos appletvsimulator iphoneos iphonesimulator macosx watchos watchsimulator xros xrsimulator";
				SUPPORTS_MACCATALYST = NO;
				SUPPORTS_MAC_DESIGNED_FOR_IPHONE_IPAD = NO;
				SUPPORTS_XR_DESIGNED_FOR_IPHONE_IPAD = NO;
				SWIFT_EMIT_LOC_STRINGS = YES;
				SWIFT_VERSION = 5.0;
				TARGETED_DEVICE_FAMILY = "1,2,3,7";
				VALIDATE_PRODUCT = YES;
			};
			name = Release;
		};
		618D53D82BE3C5120098DB6F /* Debug */ = {
			isa = XCBuildConfiguration;
			buildSettings = {
				ALWAYS_SEARCH_USER_PATHS = NO;
				ASSETCATALOG_COMPILER_GENERATE_SWIFT_ASSET_SYMBOL_EXTENSIONS = YES;
				BUNDLE_LOADER = "$(TEST_HOST)";
				CLANG_ANALYZER_NONNULL = YES;
				CLANG_ANALYZER_NUMBER_OBJECT_CONVERSION = YES_AGGRESSIVE;
				CLANG_CXX_LANGUAGE_STANDARD = "gnu++20";
				CLANG_ENABLE_MODULES = YES;
				CLANG_ENABLE_OBJC_WEAK = YES;
				CLANG_WARN_DIRECT_OBJC_ISA_USAGE = YES_ERROR;
				CLANG_WARN_DOCUMENTATION_COMMENTS = YES;
				CLANG_WARN_OBJC_ROOT_CLASS = YES_ERROR;
				CLANG_WARN_UNGUARDED_AVAILABILITY = YES_AGGRESSIVE;
				CODE_SIGN_STYLE = Automatic;
				CURRENT_PROJECT_VERSION = 21;
				DEVELOPMENT_TEAM = LZSP4Z4B6A;
				ENABLE_USER_SCRIPT_SANDBOXING = YES;
				GCC_C_LANGUAGE_STANDARD = gnu17;
				GCC_DYNAMIC_NO_PIC = NO;
				GCC_PREPROCESSOR_DEFINITIONS = (
					"DEBUG=1",
					"$(inherited)",
				);
				GCC_WARN_ABOUT_RETURN_TYPE = YES_ERROR;
				GCC_WARN_UNINITIALIZED_AUTOS = YES_AGGRESSIVE;
				GENERATE_INFOPLIST_FILE = YES;
				IPHONEOS_DEPLOYMENT_TARGET = 17.4;
				LOCALIZATION_PREFERS_STRING_CATALOGS = YES;
				MACOSX_DEPLOYMENT_TARGET = 14.4;
				MARKETING_VERSION = 1.0;
				MTL_ENABLE_DEBUG_INFO = INCLUDE_SOURCE;
				MTL_FAST_MATH = YES;
				PRODUCT_BUNDLE_IDENTIFIER = "el-machine.Wand-lab.Tests";
				PRODUCT_NAME = "$(TARGET_NAME)";
				SDKROOT = auto;
				SUPPORTED_PLATFORMS = "iphoneos iphonesimulator macosx";
				SWIFT_ACTIVE_COMPILATION_CONDITIONS = "DEBUG $(inherited)";
				SWIFT_EMIT_LOC_STRINGS = NO;
				SWIFT_VERSION = 5.0;
				TARGETED_DEVICE_FAMILY = "1,2";
				TEST_HOST = "$(BUILT_PRODUCTS_DIR)/Play.app/$(BUNDLE_EXECUTABLE_FOLDER_PATH)/Play";
			};
			name = Debug;
		};
		618D53D92BE3C5120098DB6F /* Release */ = {
			isa = XCBuildConfiguration;
			buildSettings = {
				ALWAYS_SEARCH_USER_PATHS = NO;
				ASSETCATALOG_COMPILER_GENERATE_SWIFT_ASSET_SYMBOL_EXTENSIONS = YES;
				BUNDLE_LOADER = "$(TEST_HOST)";
				CLANG_ANALYZER_NONNULL = YES;
				CLANG_ANALYZER_NUMBER_OBJECT_CONVERSION = YES_AGGRESSIVE;
				CLANG_CXX_LANGUAGE_STANDARD = "gnu++20";
				CLANG_ENABLE_MODULES = YES;
				CLANG_ENABLE_OBJC_WEAK = YES;
				CLANG_WARN_DIRECT_OBJC_ISA_USAGE = YES_ERROR;
				CLANG_WARN_DOCUMENTATION_COMMENTS = YES;
				CLANG_WARN_OBJC_ROOT_CLASS = YES_ERROR;
				CLANG_WARN_UNGUARDED_AVAILABILITY = YES_AGGRESSIVE;
				CODE_SIGN_STYLE = Automatic;
				COPY_PHASE_STRIP = NO;
				CURRENT_PROJECT_VERSION = 21;
				DEVELOPMENT_TEAM = LZSP4Z4B6A;
				ENABLE_NS_ASSERTIONS = NO;
				ENABLE_USER_SCRIPT_SANDBOXING = YES;
				GCC_C_LANGUAGE_STANDARD = gnu17;
				GCC_WARN_ABOUT_RETURN_TYPE = YES_ERROR;
				GCC_WARN_UNINITIALIZED_AUTOS = YES_AGGRESSIVE;
				GENERATE_INFOPLIST_FILE = YES;
				IPHONEOS_DEPLOYMENT_TARGET = 17.4;
				LOCALIZATION_PREFERS_STRING_CATALOGS = YES;
				MACOSX_DEPLOYMENT_TARGET = 14.4;
				MARKETING_VERSION = 1.0;
				MTL_ENABLE_DEBUG_INFO = NO;
				MTL_FAST_MATH = YES;
				PRODUCT_BUNDLE_IDENTIFIER = "el-machine.Wand-lab.Tests";
				PRODUCT_NAME = "$(TARGET_NAME)";
				SDKROOT = auto;
				SUPPORTED_PLATFORMS = "iphoneos iphonesimulator macosx";
				SWIFT_EMIT_LOC_STRINGS = NO;
				SWIFT_VERSION = 5.0;
				TARGETED_DEVICE_FAMILY = "1,2";
				TEST_HOST = "$(BUILT_PRODUCTS_DIR)/Play.app/$(BUNDLE_EXECUTABLE_FOLDER_PATH)/Play";
			};
			name = Release;
		};
		OBJ_3 /* Debug */ = {
			isa = XCBuildConfiguration;
			buildSettings = {
				ASSETCATALOG_COMPILER_GENERATE_SWIFT_ASSET_SYMBOL_EXTENSIONS = NO;
				CLANG_ENABLE_OBJC_ARC = YES;
				CLANG_WARN_BLOCK_CAPTURE_AUTORELEASING = YES;
				CLANG_WARN_BOOL_CONVERSION = YES;
				CLANG_WARN_COMMA = YES;
				CLANG_WARN_CONSTANT_CONVERSION = YES;
				CLANG_WARN_DEPRECATED_OBJC_IMPLEMENTATIONS = YES;
				CLANG_WARN_EMPTY_BODY = YES;
				CLANG_WARN_ENUM_CONVERSION = YES;
				CLANG_WARN_INFINITE_RECURSION = YES;
				CLANG_WARN_INT_CONVERSION = YES;
				CLANG_WARN_NON_LITERAL_NULL_CONVERSION = YES;
				CLANG_WARN_OBJC_IMPLICIT_RETAIN_SELF = YES;
				CLANG_WARN_OBJC_LITERAL_CONVERSION = YES;
				CLANG_WARN_QUOTED_INCLUDE_IN_FRAMEWORK_HEADER = YES;
				CLANG_WARN_RANGE_LOOP_ANALYSIS = YES;
				CLANG_WARN_STRICT_PROTOTYPES = YES;
				CLANG_WARN_SUSPICIOUS_MOVE = YES;
				CLANG_WARN_UNREACHABLE_CODE = YES;
				CLANG_WARN__DUPLICATE_METHOD_MATCH = YES;
				COMBINE_HIDPI_IMAGES = YES;
				COPY_PHASE_STRIP = NO;
				DEAD_CODE_STRIPPING = YES;
				DEBUG_INFORMATION_FORMAT = dwarf;
				DRIVERKIT_DEPLOYMENT_TARGET = 20.0;
				DYLIB_INSTALL_NAME_BASE = "@rpath";
				ENABLE_NS_ASSERTIONS = YES;
				ENABLE_STRICT_OBJC_MSGSEND = YES;
				ENABLE_TESTABILITY = YES;
				GCC_NO_COMMON_BLOCKS = YES;
				GCC_OPTIMIZATION_LEVEL = 0;
				GCC_PREPROCESSOR_DEFINITIONS = (
					"$(inherited)",
					"SWIFT_PACKAGE=1",
					"DEBUG=1",
				);
				GCC_WARN_64_TO_32_BIT_CONVERSION = YES;
				GCC_WARN_ABOUT_RETURN_TYPE = YES;
				GCC_WARN_UNDECLARED_SELECTOR = YES;
				GCC_WARN_UNINITIALIZED_AUTOS = YES;
				GCC_WARN_UNUSED_FUNCTION = YES;
				GCC_WARN_UNUSED_VARIABLE = YES;
				INFOPLIST_KEY_CFBundleDisplayName = Wand;
				IPHONEOS_DEPLOYMENT_TARGET = 12.0;
				MACOSX_DEPLOYMENT_TARGET = 12.0;
				ONLY_ACTIVE_ARCH = YES;
				OTHER_SWIFT_FLAGS = "$(inherited) -DXcode";
				PRODUCT_NAME = "$(TARGET_NAME)";
				SDKROOT = macosx;
				SUPPORTED_PLATFORMS = "$(AVAILABLE_PLATFORMS)";
				SUPPORTS_MACCATALYST = YES;
				SWIFT_ACTIVE_COMPILATION_CONDITIONS = "$(inherited) SWIFT_PACKAGE DEBUG";
				SWIFT_OPTIMIZATION_LEVEL = "-Onone";
				TVOS_DEPLOYMENT_TARGET = 12.0;
				USE_HEADERMAP = NO;
				WATCHOS_DEPLOYMENT_TARGET = 4.0;
				XROS_DEPLOYMENT_TARGET = 1.0;
			};
			name = Debug;
		};
		OBJ_4 /* Release */ = {
			isa = XCBuildConfiguration;
			buildSettings = {
				ASSETCATALOG_COMPILER_GENERATE_SWIFT_ASSET_SYMBOL_EXTENSIONS = NO;
				CLANG_ENABLE_OBJC_ARC = YES;
				CLANG_WARN_BLOCK_CAPTURE_AUTORELEASING = YES;
				CLANG_WARN_BOOL_CONVERSION = YES;
				CLANG_WARN_COMMA = YES;
				CLANG_WARN_CONSTANT_CONVERSION = YES;
				CLANG_WARN_DEPRECATED_OBJC_IMPLEMENTATIONS = YES;
				CLANG_WARN_EMPTY_BODY = YES;
				CLANG_WARN_ENUM_CONVERSION = YES;
				CLANG_WARN_INFINITE_RECURSION = YES;
				CLANG_WARN_INT_CONVERSION = YES;
				CLANG_WARN_NON_LITERAL_NULL_CONVERSION = YES;
				CLANG_WARN_OBJC_IMPLICIT_RETAIN_SELF = YES;
				CLANG_WARN_OBJC_LITERAL_CONVERSION = YES;
				CLANG_WARN_QUOTED_INCLUDE_IN_FRAMEWORK_HEADER = YES;
				CLANG_WARN_RANGE_LOOP_ANALYSIS = YES;
				CLANG_WARN_STRICT_PROTOTYPES = YES;
				CLANG_WARN_SUSPICIOUS_MOVE = YES;
				CLANG_WARN_UNREACHABLE_CODE = YES;
				CLANG_WARN__DUPLICATE_METHOD_MATCH = YES;
				COMBINE_HIDPI_IMAGES = YES;
				COPY_PHASE_STRIP = YES;
				DEAD_CODE_STRIPPING = YES;
				DEBUG_INFORMATION_FORMAT = "dwarf-with-dsym";
				DRIVERKIT_DEPLOYMENT_TARGET = 20.0;
				DYLIB_INSTALL_NAME_BASE = "@rpath";
				ENABLE_STRICT_OBJC_MSGSEND = YES;
				GCC_NO_COMMON_BLOCKS = YES;
				GCC_OPTIMIZATION_LEVEL = s;
				GCC_PREPROCESSOR_DEFINITIONS = (
					"$(inherited)",
					"SWIFT_PACKAGE=1",
				);
				GCC_WARN_64_TO_32_BIT_CONVERSION = YES;
				GCC_WARN_ABOUT_RETURN_TYPE = YES;
				GCC_WARN_UNDECLARED_SELECTOR = YES;
				GCC_WARN_UNINITIALIZED_AUTOS = YES;
				GCC_WARN_UNUSED_FUNCTION = YES;
				GCC_WARN_UNUSED_VARIABLE = YES;
				INFOPLIST_KEY_CFBundleDisplayName = Wand;
				IPHONEOS_DEPLOYMENT_TARGET = 12.0;
				MACOSX_DEPLOYMENT_TARGET = 12.0;
				OTHER_SWIFT_FLAGS = "$(inherited) -DXcode";
				PRODUCT_NAME = "$(TARGET_NAME)";
				SDKROOT = macosx;
				SUPPORTED_PLATFORMS = "$(AVAILABLE_PLATFORMS)";
				SUPPORTS_MACCATALYST = YES;
				SWIFT_ACTIVE_COMPILATION_CONDITIONS = "$(inherited) SWIFT_PACKAGE";
				SWIFT_COMPILATION_MODE = wholemodule;
				SWIFT_OPTIMIZATION_LEVEL = "-O";
				TVOS_DEPLOYMENT_TARGET = 12.0;
				USE_HEADERMAP = NO;
				WATCHOS_DEPLOYMENT_TARGET = 4.0;
				XROS_DEPLOYMENT_TARGET = 1.0;
			};
			name = Release;
		};
/* End XCBuildConfiguration section */

/* Begin XCConfigurationList section */
		613966262BE0F4F0004C18A3 /* Build configuration list for PBXNativeTarget "WatchPlay" */ = {
			isa = XCConfigurationList;
			buildConfigurations = (
				613966242BE0F4F0004C18A3 /* Debug */,
				613966252BE0F4F0004C18A3 /* Release */,
			);
			defaultConfigurationIsVisible = 0;
			defaultConfigurationName = Release;
		};
		6139664E2BE0F87A004C18A3 /* Build configuration list for PBXNativeTarget "WatchPlayTests" */ = {
			isa = XCConfigurationList;
			buildConfigurations = (
				6139664F2BE0F87A004C18A3 /* Debug */,
				613966502BE0F87A004C18A3 /* Release */,
			);
			defaultConfigurationIsVisible = 0;
			defaultConfigurationName = Release;
		};
		6162625A28BC8E2B00D63EA5 /* Build configuration list for PBXNativeTarget "Play" */ = {
			isa = XCConfigurationList;
			buildConfigurations = (
				6162625B28BC8E2B00D63EA5 /* Debug */,
				6162625C28BC8E2B00D63EA5 /* Release */,
			);
			defaultConfigurationIsVisible = 0;
			defaultConfigurationName = Release;
		};
		618D53D72BE3C5120098DB6F /* Build configuration list for PBXNativeTarget "WandTests" */ = {
			isa = XCConfigurationList;
			buildConfigurations = (
				618D53D82BE3C5120098DB6F /* Debug */,
				618D53D92BE3C5120098DB6F /* Release */,
			);
			defaultConfigurationIsVisible = 0;
			defaultConfigurationName = Release;
		};
		OBJ_2 /* Build configuration list for PBXProject "Wand-CoreMotion" */ = {
			isa = XCConfigurationList;
			buildConfigurations = (
				OBJ_3 /* Debug */,
				OBJ_4 /* Release */,
			);
			defaultConfigurationIsVisible = 0;
			defaultConfigurationName = Release;
		};
/* End XCConfigurationList section */

/* Begin XCLocalSwiftPackageReference section */
		61A37BC52BE24B97007B7FEE /* XCLocalSwiftPackageReference "Package" */ = {
			isa = XCLocalSwiftPackageReference;
			relativePath = Package;
		};
/* End XCLocalSwiftPackageReference section */

/* Begin XCSwiftPackageProductDependency section */
		61F648C42BEA122300C2625C /* Wand-CoreMotion */ = {
			isa = XCSwiftPackageProductDependency;
			productName = "Wand-CoreMotion";
		};
		61F648C62BEA122900C2625C /* Wand-CoreMotion */ = {
			isa = XCSwiftPackageProductDependency;
			package = 61A37BC52BE24B97007B7FEE /* XCLocalSwiftPackageReference "Package" */;
			productName = "Wand-CoreMotion";
		};
/* End XCSwiftPackageProductDependency section */
	};
	rootObject = OBJ_1 /* Project object */;
}
